
Microsoft Visual Studio Solution File, Format Version 12.00
# Visual Studio Version 16
VisualStudioVersion = 16.0.29709.97
MinimumVisualStudioVersion = 10.0.40219.1
Project("{FAE04EC0-301F-11D3-BF4B-00C04F79EFBC}") = "MathCalculator1", "MathCalculator1\MathCalculator1.csproj", "{A187F1C3-4A32-4B7E-A0FE-B00F47421338}"
EndProject
Project("{FAE04EC0-301F-11D3-BF4B-00C04F79EFBC}") = "UnitTestProject1", "UnitTestProject1\UnitTestProject1.csproj", "{0BA67B4C-52D3-4121-BE71-6B0D271973D4}"
EndProject
Global
	GlobalSection(SolutionConfigurationPlatforms) = preSolution
		Debug|Any CPU = Debug|Any CPU
		Release|Any CPU = Release|Any CPU
	EndGlobalSection
	GlobalSection(ProjectConfigurationPlatforms) = postSolution
		{A187F1C3-4A32-4B7E-A0FE-B00F47421338}.Debug|Any CPU.ActiveCfg = Debug|Any CPU
		{A187F1C3-4A32-4B7E-A0FE-B00F47421338}.Debug|Any CPU.Build.0 = Debug|Any CPU
		{A187F1C3-4A32-4B7E-A0FE-B00F47421338}.Release|Any CPU.ActiveCfg = Release|Any CPU
		{A187F1C3-4A32-4B7E-A0FE-B00F47421338}.Release|Any CPU.Build.0 = Release|Any CPU
		{0BA67B4C-52D3-4121-BE71-6B0D271973D4}.Debug|Any CPU.ActiveCfg = Debug|Any CPU
		{0BA67B4C-52D3-4121-BE71-6B0D271973D4}.Debug|Any CPU.Build.0 = Debug|Any CPU
		{0BA67B4C-52D3-4121-BE71-6B0D271973D4}.Release|Any CPU.ActiveCfg = Release|Any CPU
		{0BA67B4C-52D3-4121-BE71-6B0D271973D4}.Release|Any CPU.Build.0 = Release|Any CPU
	EndGlobalSection
	GlobalSection(SolutionProperties) = preSolution
		HideSolutionNode = FALSE
	EndGlobalSection
	GlobalSection(ExtensibilityGlobals) = postSolution
		SolutionGuid = {465CC562-0D34-4EAE-B241-0F2CBEFBD3FE}
	EndGlobalSection
EndGlobal
